// !$*UTF8*$!
{
	archiveVersion = 1;
	classes = {
	};
	objectVersion = 46;
	objects = {

/* Begin PBXBuildFile section */
		6E28471B1F27343F002269EC /* AppDelegate.swift in Sources */ = {isa = PBXBuildFile; fileRef = 6E28471A1F27343F002269EC /* AppDelegate.swift */; };
		6E28471D1F27343F002269EC /* LoginViewController.swift in Sources */ = {isa = PBXBuildFile; fileRef = 6E28471C1F27343F002269EC /* LoginViewController.swift */; };
		6E2847201F27343F002269EC /* Main.storyboard in Resources */ = {isa = PBXBuildFile; fileRef = 6E28471E1F27343F002269EC /* Main.storyboard */; };
		6E2847231F27343F002269EC /* GoldfishBrain.xcdatamodeld in Sources */ = {isa = PBXBuildFile; fileRef = 6E2847211F27343F002269EC /* GoldfishBrain.xcdatamodeld */; };
		6E2847251F27343F002269EC /* Assets.xcassets in Resources */ = {isa = PBXBuildFile; fileRef = 6E2847241F27343F002269EC /* Assets.xcassets */; };
		6E2847281F27343F002269EC /* LaunchScreen.storyboard in Resources */ = {isa = PBXBuildFile; fileRef = 6E2847261F27343F002269EC /* LaunchScreen.storyboard */; };
		6E2847301F2738A7002269EC /* GoogleService-Info.plist in Resources */ = {isa = PBXBuildFile; fileRef = 6E28472F1F2738A7002269EC /* GoogleService-Info.plist */; };
		6E2847321F273BB3002269EC /* RegisterViewController.swift in Sources */ = {isa = PBXBuildFile; fileRef = 6E2847311F273BB3002269EC /* RegisterViewController.swift */; };
		6E2847351F278128002269EC /* ChatRoomTableViewController.swift in Sources */ = {isa = PBXBuildFile; fileRef = 6E2847341F278128002269EC /* ChatRoomTableViewController.swift */; };
		6E2847391F28722A002269EC /* ProfileManager.swift in Sources */ = {isa = PBXBuildFile; fileRef = 6E2847381F28722A002269EC /* ProfileManager.swift */; };
		6E28473B1F287358002269EC /* Profile.swift in Sources */ = {isa = PBXBuildFile; fileRef = 6E28473A1F287358002269EC /* Profile.swift */; };
		6E28473D1F287645002269EC /* ProfileTableViewController.swift in Sources */ = {isa = PBXBuildFile; fileRef = 6E28473C1F287645002269EC /* ProfileTableViewController.swift */; };
		6E2847401F28881C002269EC /* PeopleTableViewCell.swift in Sources */ = {isa = PBXBuildFile; fileRef = 6E28473F1F28881C002269EC /* PeopleTableViewCell.swift */; };
		6E2847421F288E7B002269EC /* ChatRoomManager.swift in Sources */ = {isa = PBXBuildFile; fileRef = 6E2847411F288E7B002269EC /* ChatRoomManager.swift */; };
		6E2847461F28A6FB002269EC /* Person.swift in Sources */ = {isa = PBXBuildFile; fileRef = 6E2847451F28A6FB002269EC /* Person.swift */; };
		6E2847481F29C254002269EC /* ProfileTableViewController+extension.swift in Sources */ = {isa = PBXBuildFile; fileRef = 6E2847471F29C254002269EC /* ProfileTableViewController+extension.swift */; };
		6E28474A1F29E6AE002269EC /* extension.swift in Sources */ = {isa = PBXBuildFile; fileRef = 6E2847491F29E6AE002269EC /* extension.swift */; };
		6E28474C1F2A2B86002269EC /* LeftChatLogTableViewCell.swift in Sources */ = {isa = PBXBuildFile; fileRef = 6E28474B1F2A2B86002269EC /* LeftChatLogTableViewCell.swift */; };
		6E2847541F2A5040002269EC /* ChatLogViewController.swift in Sources */ = {isa = PBXBuildFile; fileRef = 6E2847531F2A5040002269EC /* ChatLogViewController.swift */; };
		6E2847771F2B1616002269EC /* StyleGuide.swift in Sources */ = {isa = PBXBuildFile; fileRef = 6E2847761F2B1616002269EC /* StyleGuide.swift */; };
		6E2847791F2B3D67002269EC /* Message.swift in Sources */ = {isa = PBXBuildFile; fileRef = 6E2847781F2B3D67002269EC /* Message.swift */; };
		6E28477B1F2B3E77002269EC /* MessageManager.swift in Sources */ = {isa = PBXBuildFile; fileRef = 6E28477A1F2B3E77002269EC /* MessageManager.swift */; };
		6E28477D1F2C81B3002269EC /* FriendTableViewCell.swift in Sources */ = {isa = PBXBuildFile; fileRef = 6E28477C1F2C81B3002269EC /* FriendTableViewCell.swift */; };
		6E28477F1F2C81C4002269EC /* FriendTableViewController.swift in Sources */ = {isa = PBXBuildFile; fileRef = 6E28477E1F2C81C4002269EC /* FriendTableViewController.swift */; };
		6E5ECFD91F41746200AFDB97 /* TraceManager.swift in Sources */ = {isa = PBXBuildFile; fileRef = 6E5ECFD81F41746200AFDB97 /* TraceManager.swift */; };
		6E9861C81F31D78200EFEFCB /* DoTableViewController.swift in Sources */ = {isa = PBXBuildFile; fileRef = 6E9861C71F31D78200EFEFCB /* DoTableViewController.swift */; };
		6E9861CC1F31F3DF00EFEFCB /* AddDoPopViewController.swift in Sources */ = {isa = PBXBuildFile; fileRef = 6E9861CB1F31F3DF00EFEFCB /* AddDoPopViewController.swift */; };
		6E9861CE1F31FEEA00EFEFCB /* DoTableViewCell.swift in Sources */ = {isa = PBXBuildFile; fileRef = 6E9861CD1F31FEEA00EFEFCB /* DoTableViewCell.swift */; };
		6E996A6C1F32E3570097BA4C /* AddDoPopViewController+extension.swift in Sources */ = {isa = PBXBuildFile; fileRef = 6E996A6B1F32E3570097BA4C /* AddDoPopViewController+extension.swift */; };
		6E996A721F33027F0097BA4C /* RightChatLogTableViewCell.swift in Sources */ = {isa = PBXBuildFile; fileRef = 6E996A711F33027F0097BA4C /* RightChatLogTableViewCell.swift */; };
		6E996A741F3348A00097BA4C /* CreateDoViewController.swift in Sources */ = {isa = PBXBuildFile; fileRef = 6E996A731F3348A00097BA4C /* CreateDoViewController.swift */; };
		6EB1D20A1F359B1B00377FDE /* AddDoPopViewController+GMSAutocompleteResults.swift in Sources */ = {isa = PBXBuildFile; fileRef = 6EB1D2091F359B1B00377FDE /* AddDoPopViewController+GMSAutocompleteResults.swift */; };
		6EB1D2551F383C4F00377FDE /* TravelDetail.swift in Sources */ = {isa = PBXBuildFile; fileRef = 6EB1D2541F383C4F00377FDE /* TravelDetail.swift */; };
		6EB1D2581F38941300377FDE /* PopFriendViewController.swift in Sources */ = {isa = PBXBuildFile; fileRef = 6EB1D2571F38941300377FDE /* PopFriendViewController.swift */; };
		6EB1D25A1F38961000377FDE /* PopFriendCollectionViewCell.swift in Sources */ = {isa = PBXBuildFile; fileRef = 6EB1D2591F38961000377FDE /* PopFriendCollectionViewCell.swift */; };
		6EB1D27D1F3B03B400377FDE /* NoneDoTableViewCell.swift in Sources */ = {isa = PBXBuildFile; fileRef = 6EB1D27C1F3B03B400377FDE /* NoneDoTableViewCell.swift */; };
		6EC0AB6D1F3CAD55005FA1F6 /* TraceTableViewCell.swift in Sources */ = {isa = PBXBuildFile; fileRef = 6EC0AB6C1F3CAD55005FA1F6 /* TraceTableViewCell.swift */; };
		6EC0AB6F1F3CAD69005FA1F6 /* TraceTableViewController.swift in Sources */ = {isa = PBXBuildFile; fileRef = 6EC0AB6E1F3CAD69005FA1F6 /* TraceTableViewController.swift */; };
		6EC0AB711F3DDB10005FA1F6 /* CoreDataManager.swift in Sources */ = {isa = PBXBuildFile; fileRef = 6EC0AB701F3DDB10005FA1F6 /* CoreDataManager.swift */; };
		6EC0AB731F3ED16E005FA1F6 /* Location.gpx in Resources */ = {isa = PBXBuildFile; fileRef = 6EC0AB721F3ED16E005FA1F6 /* Location.gpx */; };
		6EC0AB751F3EE1B5005FA1F6 /* ProfileTableViewController+locationManager.swift in Sources */ = {isa = PBXBuildFile; fileRef = 6EC0AB741F3EE1B5005FA1F6 /* ProfileTableViewController+locationManager.swift */; };
		6EF577BA1F3B210100D1068A /* AllMyDosTableViewCell.swift in Sources */ = {isa = PBXBuildFile; fileRef = 6EF577B91F3B210000D1068A /* AllMyDosTableViewCell.swift */; };
		6EF577C11F3C604900D1068A /* Comix Loud.ttf in Resources */ = {isa = PBXBuildFile; fileRef = 6EF577C01F3C604900D1068A /* Comix Loud.ttf */; };
		FFBC8AE4A54DF4160D000502 /* Pods_GoldfishBrain.framework in Frameworks */ = {isa = PBXBuildFile; fileRef = 9AD6F5239A0716745520ED04 /* Pods_GoldfishBrain.framework */; };
/* End PBXBuildFile section */

/* Begin PBXFileReference section */
		06E4DE41735E1EF4B5078D95 /* Pods-GoldfishBrain.release.xcconfig */ = {isa = PBXFileReference; includeInIndex = 1; lastKnownFileType = text.xcconfig; name = "Pods-GoldfishBrain.release.xcconfig"; path = "Pods/Target Support Files/Pods-GoldfishBrain/Pods-GoldfishBrain.release.xcconfig"; sourceTree = "<group>"; };
		6E2847171F27343F002269EC /* GoldfishBrain.app */ = {isa = PBXFileReference; explicitFileType = wrapper.application; includeInIndex = 0; path = GoldfishBrain.app; sourceTree = BUILT_PRODUCTS_DIR; };
		6E28471A1F27343F002269EC /* AppDelegate.swift */ = {isa = PBXFileReference; lastKnownFileType = sourcecode.swift; path = AppDelegate.swift; sourceTree = "<group>"; };
		6E28471C1F27343F002269EC /* LoginViewController.swift */ = {isa = PBXFileReference; lastKnownFileType = sourcecode.swift; path = LoginViewController.swift; sourceTree = "<group>"; };
		6E28471F1F27343F002269EC /* Base */ = {isa = PBXFileReference; lastKnownFileType = file.storyboard; name = Base; path = Base.lproj/Main.storyboard; sourceTree = "<group>"; };
		6E2847221F27343F002269EC /* GoldfishBrain.xcdatamodel */ = {isa = PBXFileReference; lastKnownFileType = wrapper.xcdatamodel; path = GoldfishBrain.xcdatamodel; sourceTree = "<group>"; };
		6E2847241F27343F002269EC /* Assets.xcassets */ = {isa = PBXFileReference; lastKnownFileType = folder.assetcatalog; path = Assets.xcassets; sourceTree = "<group>"; };
		6E2847271F27343F002269EC /* Base */ = {isa = PBXFileReference; lastKnownFileType = file.storyboard; name = Base; path = Base.lproj/LaunchScreen.storyboard; sourceTree = "<group>"; };
		6E2847291F27343F002269EC /* Info.plist */ = {isa = PBXFileReference; lastKnownFileType = text.plist.xml; path = Info.plist; sourceTree = "<group>"; };
		6E28472F1F2738A7002269EC /* GoogleService-Info.plist */ = {isa = PBXFileReference; fileEncoding = 4; lastKnownFileType = text.plist.xml; path = "GoogleService-Info.plist"; sourceTree = "<group>"; };
		6E2847311F273BB3002269EC /* RegisterViewController.swift */ = {isa = PBXFileReference; fileEncoding = 4; lastKnownFileType = sourcecode.swift; path = RegisterViewController.swift; sourceTree = "<group>"; };
		6E2847341F278128002269EC /* ChatRoomTableViewController.swift */ = {isa = PBXFileReference; fileEncoding = 4; lastKnownFileType = sourcecode.swift; path = ChatRoomTableViewController.swift; sourceTree = "<group>"; };
		6E2847381F28722A002269EC /* ProfileManager.swift */ = {isa = PBXFileReference; fileEncoding = 4; lastKnownFileType = sourcecode.swift; path = ProfileManager.swift; sourceTree = "<group>"; };
		6E28473A1F287358002269EC /* Profile.swift */ = {isa = PBXFileReference; fileEncoding = 4; lastKnownFileType = sourcecode.swift; path = Profile.swift; sourceTree = "<group>"; };
		6E28473C1F287645002269EC /* ProfileTableViewController.swift */ = {isa = PBXFileReference; fileEncoding = 4; lastKnownFileType = sourcecode.swift; path = ProfileTableViewController.swift; sourceTree = "<group>"; };
		6E28473F1F28881C002269EC /* PeopleTableViewCell.swift */ = {isa = PBXFileReference; fileEncoding = 4; lastKnownFileType = sourcecode.swift; path = PeopleTableViewCell.swift; sourceTree = "<group>"; };
		6E2847411F288E7B002269EC /* ChatRoomManager.swift */ = {isa = PBXFileReference; fileEncoding = 4; lastKnownFileType = sourcecode.swift; path = ChatRoomManager.swift; sourceTree = "<group>"; };
		6E2847451F28A6FB002269EC /* Person.swift */ = {isa = PBXFileReference; fileEncoding = 4; lastKnownFileType = sourcecode.swift; path = Person.swift; sourceTree = "<group>"; };
		6E2847471F29C254002269EC /* ProfileTableViewController+extension.swift */ = {isa = PBXFileReference; fileEncoding = 4; lastKnownFileType = sourcecode.swift; path = "ProfileTableViewController+extension.swift"; sourceTree = "<group>"; };
		6E2847491F29E6AE002269EC /* extension.swift */ = {isa = PBXFileReference; fileEncoding = 4; lastKnownFileType = sourcecode.swift; path = extension.swift; sourceTree = "<group>"; };
		6E28474B1F2A2B86002269EC /* LeftChatLogTableViewCell.swift */ = {isa = PBXFileReference; fileEncoding = 4; lastKnownFileType = sourcecode.swift; path = LeftChatLogTableViewCell.swift; sourceTree = "<group>"; };
		6E2847531F2A5040002269EC /* ChatLogViewController.swift */ = {isa = PBXFileReference; fileEncoding = 4; lastKnownFileType = sourcecode.swift; path = ChatLogViewController.swift; sourceTree = "<group>"; };
		6E2847761F2B1616002269EC /* StyleGuide.swift */ = {isa = PBXFileReference; fileEncoding = 4; lastKnownFileType = sourcecode.swift; path = StyleGuide.swift; sourceTree = "<group>"; };
		6E2847781F2B3D67002269EC /* Message.swift */ = {isa = PBXFileReference; fileEncoding = 4; lastKnownFileType = sourcecode.swift; path = Message.swift; sourceTree = "<group>"; };
		6E28477A1F2B3E77002269EC /* MessageManager.swift */ = {isa = PBXFileReference; fileEncoding = 4; lastKnownFileType = sourcecode.swift; path = MessageManager.swift; sourceTree = "<group>"; };
		6E28477C1F2C81B3002269EC /* FriendTableViewCell.swift */ = {isa = PBXFileReference; fileEncoding = 4; lastKnownFileType = sourcecode.swift; path = FriendTableViewCell.swift; sourceTree = "<group>"; };
		6E28477E1F2C81C4002269EC /* FriendTableViewController.swift */ = {isa = PBXFileReference; fileEncoding = 4; lastKnownFileType = sourcecode.swift; path = FriendTableViewController.swift; sourceTree = "<group>"; };
		6E5ECFD81F41746200AFDB97 /* TraceManager.swift */ = {isa = PBXFileReference; fileEncoding = 4; lastKnownFileType = sourcecode.swift; path = TraceManager.swift; sourceTree = "<group>"; };
		6E9861C71F31D78200EFEFCB /* DoTableViewController.swift */ = {isa = PBXFileReference; fileEncoding = 4; lastKnownFileType = sourcecode.swift; path = DoTableViewController.swift; sourceTree = "<group>"; };
		6E9861CB1F31F3DF00EFEFCB /* AddDoPopViewController.swift */ = {isa = PBXFileReference; fileEncoding = 4; lastKnownFileType = sourcecode.swift; path = AddDoPopViewController.swift; sourceTree = "<group>"; };
		6E9861CD1F31FEEA00EFEFCB /* DoTableViewCell.swift */ = {isa = PBXFileReference; fileEncoding = 4; lastKnownFileType = sourcecode.swift; path = DoTableViewCell.swift; sourceTree = "<group>"; };
		6E996A6B1F32E3570097BA4C /* AddDoPopViewController+extension.swift */ = {isa = PBXFileReference; fileEncoding = 4; lastKnownFileType = sourcecode.swift; path = "AddDoPopViewController+extension.swift"; sourceTree = "<group>"; };
		6E996A711F33027F0097BA4C /* RightChatLogTableViewCell.swift */ = {isa = PBXFileReference; fileEncoding = 4; lastKnownFileType = sourcecode.swift; path = RightChatLogTableViewCell.swift; sourceTree = "<group>"; };
		6E996A731F3348A00097BA4C /* CreateDoViewController.swift */ = {isa = PBXFileReference; fileEncoding = 4; lastKnownFileType = sourcecode.swift; path = CreateDoViewController.swift; sourceTree = "<group>"; };
		6EB1D2091F359B1B00377FDE /* AddDoPopViewController+GMSAutocompleteResults.swift */ = {isa = PBXFileReference; fileEncoding = 4; lastKnownFileType = sourcecode.swift; path = "AddDoPopViewController+GMSAutocompleteResults.swift"; sourceTree = "<group>"; };
		6EB1D2541F383C4F00377FDE /* TravelDetail.swift */ = {isa = PBXFileReference; fileEncoding = 4; lastKnownFileType = sourcecode.swift; path = TravelDetail.swift; sourceTree = "<group>"; };
		6EB1D2571F38941300377FDE /* PopFriendViewController.swift */ = {isa = PBXFileReference; fileEncoding = 4; lastKnownFileType = sourcecode.swift; path = PopFriendViewController.swift; sourceTree = "<group>"; };
		6EB1D2591F38961000377FDE /* PopFriendCollectionViewCell.swift */ = {isa = PBXFileReference; fileEncoding = 4; lastKnownFileType = sourcecode.swift; path = PopFriendCollectionViewCell.swift; sourceTree = "<group>"; };
		6EB1D27C1F3B03B400377FDE /* NoneDoTableViewCell.swift */ = {isa = PBXFileReference; fileEncoding = 4; lastKnownFileType = sourcecode.swift; path = NoneDoTableViewCell.swift; sourceTree = "<group>"; };
		6EC0AB6C1F3CAD55005FA1F6 /* TraceTableViewCell.swift */ = {isa = PBXFileReference; fileEncoding = 4; lastKnownFileType = sourcecode.swift; path = TraceTableViewCell.swift; sourceTree = "<group>"; };
		6EC0AB6E1F3CAD69005FA1F6 /* TraceTableViewController.swift */ = {isa = PBXFileReference; fileEncoding = 4; lastKnownFileType = sourcecode.swift; path = TraceTableViewController.swift; sourceTree = "<group>"; };
		6EC0AB701F3DDB10005FA1F6 /* CoreDataManager.swift */ = {isa = PBXFileReference; fileEncoding = 4; lastKnownFileType = sourcecode.swift; path = CoreDataManager.swift; sourceTree = "<group>"; };
		6EC0AB721F3ED16E005FA1F6 /* Location.gpx */ = {isa = PBXFileReference; fileEncoding = 4; lastKnownFileType = text.xml; path = Location.gpx; sourceTree = "<group>"; };
		6EC0AB741F3EE1B5005FA1F6 /* ProfileTableViewController+locationManager.swift */ = {isa = PBXFileReference; fileEncoding = 4; lastKnownFileType = sourcecode.swift; path = "ProfileTableViewController+locationManager.swift"; sourceTree = "<group>"; };
		6EF577B91F3B210000D1068A /* AllMyDosTableViewCell.swift */ = {isa = PBXFileReference; fileEncoding = 4; lastKnownFileType = sourcecode.swift; path = AllMyDosTableViewCell.swift; sourceTree = "<group>"; };
		6EF577C01F3C604900D1068A /* Comix Loud.ttf */ = {isa = PBXFileReference; lastKnownFileType = file; path = "Comix Loud.ttf"; sourceTree = "<group>"; };
		9AD6F5239A0716745520ED04 /* Pods_GoldfishBrain.framework */ = {isa = PBXFileReference; explicitFileType = wrapper.framework; includeInIndex = 0; path = Pods_GoldfishBrain.framework; sourceTree = BUILT_PRODUCTS_DIR; };
		C575D91E4BBDC71746F58638 /* Pods-GoldfishBrain.debug.xcconfig */ = {isa = PBXFileReference; includeInIndex = 1; lastKnownFileType = text.xcconfig; name = "Pods-GoldfishBrain.debug.xcconfig"; path = "Pods/Target Support Files/Pods-GoldfishBrain/Pods-GoldfishBrain.debug.xcconfig"; sourceTree = "<group>"; };
/* End PBXFileReference section */

/* Begin PBXFrameworksBuildPhase section */
		6E2847141F27343F002269EC /* Frameworks */ = {
			isa = PBXFrameworksBuildPhase;
			buildActionMask = 2147483647;
			files = (
				FFBC8AE4A54DF4160D000502 /* Pods_GoldfishBrain.framework in Frameworks */,
			);
			runOnlyForDeploymentPostprocessing = 0;
		};
/* End PBXFrameworksBuildPhase section */

/* Begin PBXGroup section */
		6E28470E1F27343F002269EC = {
			isa = PBXGroup;
			children = (
				6EC0AB721F3ED16E005FA1F6 /* Location.gpx */,
				6E2847191F27343F002269EC /* GoldfishBrain */,
				6E2847181F27343F002269EC /* Products */,
				A563013A9E89B9809BE57A38 /* Pods */,
				CB368AB08D59DD7860143A40 /* Frameworks */,
			);
			sourceTree = "<group>";
		};
		6E2847181F27343F002269EC /* Products */ = {
			isa = PBXGroup;
			children = (
				6E2847171F27343F002269EC /* GoldfishBrain.app */,
			);
			name = Products;
			sourceTree = "<group>";
		};
		6E2847191F27343F002269EC /* GoldfishBrain */ = {
			isa = PBXGroup;
			children = (
				6E28471E1F27343F002269EC /* Main.storyboard */,
				6EC0AB701F3DDB10005FA1F6 /* CoreDataManager.swift */,
				6E28471A1F27343F002269EC /* AppDelegate.swift */,
				6E5ECFD71F4149E800AFDB97 /* Trace */,
				6E9861C61F31D76800EFEFCB /* Do */,
				6EF577BB1F3B3D4400D1068A /* Login */,
				6E28473E1F288276002269EC /* Register */,
				6E2847371F2864B5002269EC /* Profile */,
				6E2847361F27812E002269EC /* ChatRoom */,
				6E2847491F29E6AE002269EC /* extension.swift */,
				6E2847761F2B1616002269EC /* StyleGuide.swift */,
				6E2847241F27343F002269EC /* Assets.xcassets */,
				6EF577C01F3C604900D1068A /* Comix Loud.ttf */,
				6E2847261F27343F002269EC /* LaunchScreen.storyboard */,
				6E2847291F27343F002269EC /* Info.plist */,
				6E2847211F27343F002269EC /* GoldfishBrain.xcdatamodeld */,
				6E28472F1F2738A7002269EC /* GoogleService-Info.plist */,
			);
			path = GoldfishBrain;
			sourceTree = "<group>";
		};
		6E2847361F27812E002269EC /* ChatRoom */ = {
			isa = PBXGroup;
			children = (
				6E9861C51F31D56600EFEFCB /* FriendList */,
				6E9861C41F31D53400EFEFCB /* ChatRoomLog */,
				6E28477A1F2B3E77002269EC /* MessageManager.swift */,
				6E2847781F2B3D67002269EC /* Message.swift */,
				6E2847411F288E7B002269EC /* ChatRoomManager.swift */,
				6E2847451F28A6FB002269EC /* Person.swift */,
				6E28473F1F28881C002269EC /* PeopleTableViewCell.swift */,
			);
			name = ChatRoom;
			sourceTree = "<group>";
		};
		6E2847371F2864B5002269EC /* Profile */ = {
			isa = PBXGroup;
			children = (
				6E28473C1F287645002269EC /* ProfileTableViewController.swift */,
				6EC0AB741F3EE1B5005FA1F6 /* ProfileTableViewController+locationManager.swift */,
				6E2847471F29C254002269EC /* ProfileTableViewController+extension.swift */,
				6EF577B91F3B210000D1068A /* AllMyDosTableViewCell.swift */,
				6E2847381F28722A002269EC /* ProfileManager.swift */,
				6E28473A1F287358002269EC /* Profile.swift */,
			);
			name = Profile;
			sourceTree = "<group>";
		};
		6E28473E1F288276002269EC /* Register */ = {
			isa = PBXGroup;
			children = (
				6E2847311F273BB3002269EC /* RegisterViewController.swift */,
			);
			name = Register;
			sourceTree = "<group>";
		};
		6E5ECFD71F4149E800AFDB97 /* Trace */ = {
			isa = PBXGroup;
			children = (
				6EC0AB6C1F3CAD55005FA1F6 /* TraceTableViewCell.swift */,
				6EC0AB6E1F3CAD69005FA1F6 /* TraceTableViewController.swift */,
				6E5ECFD81F41746200AFDB97 /* TraceManager.swift */,
			);
			name = Trace;
			sourceTree = "<group>";
		};
		6E9861C41F31D53400EFEFCB /* ChatRoomLog */ = {
			isa = PBXGroup;
			children = (
				6E2847531F2A5040002269EC /* ChatLogViewController.swift */,
				6E28474B1F2A2B86002269EC /* LeftChatLogTableViewCell.swift */,
				6E996A711F33027F0097BA4C /* RightChatLogTableViewCell.swift */,
				6E2847341F278128002269EC /* ChatRoomTableViewController.swift */,
			);
			name = ChatRoomLog;
			sourceTree = "<group>";
		};
		6E9861C51F31D56600EFEFCB /* FriendList */ = {
			isa = PBXGroup;
			children = (
				6E28477C1F2C81B3002269EC /* FriendTableViewCell.swift */,
				6E28477E1F2C81C4002269EC /* FriendTableViewController.swift */,
			);
			name = FriendList;
			sourceTree = "<group>";
		};
		6E9861C61F31D76800EFEFCB /* Do */ = {
			isa = PBXGroup;
			children = (
				6E996A731F3348A00097BA4C /* CreateDoViewController.swift */,
				6EB1D25B1F38963100377FDE /* Friend */,
				6EB1D2561F384DC800377FDE /* Location */,
				6E9861C71F31D78200EFEFCB /* DoTableViewController.swift */,
				6E9861CD1F31FEEA00EFEFCB /* DoTableViewCell.swift */,
				6EB1D27C1F3B03B400377FDE /* NoneDoTableViewCell.swift */,
			);
			name = Do;
			sourceTree = "<group>";
		};
		6EB1D2561F384DC800377FDE /* Location */ = {
			isa = PBXGroup;
			children = (
				6EB1D2541F383C4F00377FDE /* TravelDetail.swift */,
				6E9861CB1F31F3DF00EFEFCB /* AddDoPopViewController.swift */,
				6E996A6B1F32E3570097BA4C /* AddDoPopViewController+extension.swift */,
				6EB1D2091F359B1B00377FDE /* AddDoPopViewController+GMSAutocompleteResults.swift */,
			);
			name = Location;
			sourceTree = "<group>";
		};
		6EB1D25B1F38963100377FDE /* Friend */ = {
			isa = PBXGroup;
			children = (
				6EB1D2571F38941300377FDE /* PopFriendViewController.swift */,
				6EB1D2591F38961000377FDE /* PopFriendCollectionViewCell.swift */,
			);
			name = Friend;
			sourceTree = "<group>";
		};
		6EF577BB1F3B3D4400D1068A /* Login */ = {
			isa = PBXGroup;
			children = (
				6E28471C1F27343F002269EC /* LoginViewController.swift */,
			);
			name = Login;
			sourceTree = "<group>";
		};
		A563013A9E89B9809BE57A38 /* Pods */ = {
			isa = PBXGroup;
			children = (
				C575D91E4BBDC71746F58638 /* Pods-GoldfishBrain.debug.xcconfig */,
				06E4DE41735E1EF4B5078D95 /* Pods-GoldfishBrain.release.xcconfig */,
			);
			name = Pods;
			sourceTree = "<group>";
		};
		CB368AB08D59DD7860143A40 /* Frameworks */ = {
			isa = PBXGroup;
			children = (
				9AD6F5239A0716745520ED04 /* Pods_GoldfishBrain.framework */,
			);
			name = Frameworks;
			sourceTree = "<group>";
		};
/* End PBXGroup section */

/* Begin PBXNativeTarget section */
		6E2847161F27343F002269EC /* GoldfishBrain */ = {
			isa = PBXNativeTarget;
			buildConfigurationList = 6E28472C1F27343F002269EC /* Build configuration list for PBXNativeTarget "GoldfishBrain" */;
			buildPhases = (
				F4E7A8B655C4BFF5CDEB2639 /* [CP] Check Pods Manifest.lock */,
				6E2847131F27343F002269EC /* Sources */,
				6E2847141F27343F002269EC /* Frameworks */,
				6E2847151F27343F002269EC /* Resources */,
				EF190401969F2298F7E99053 /* [CP] Embed Pods Frameworks */,
				1F969C915BDAF4D0B789D4F2 /* [CP] Copy Pods Resources */,
				6E2847331F274F0D002269EC /* Swiftlint */,
			);
			buildRules = (
			);
			dependencies = (
			);
			name = GoldfishBrain;
			productName = GoldfishBrain;
			productReference = 6E2847171F27343F002269EC /* GoldfishBrain.app */;
			productType = "com.apple.product-type.application";
		};
/* End PBXNativeTarget section */

/* Begin PBXProject section */
		6E28470F1F27343F002269EC /* Project object */ = {
			isa = PBXProject;
			attributes = {
				LastSwiftUpdateCheck = 0830;
				LastUpgradeCheck = 0830;
				ORGANIZATIONNAME = yuling;
				TargetAttributes = {
					6E2847161F27343F002269EC = {
						CreatedOnToolsVersion = 8.3.3;
						DevelopmentTeam = 2QFPTG9564;
						ProvisioningStyle = Automatic;
					};
				};
			};
			buildConfigurationList = 6E2847121F27343F002269EC /* Build configuration list for PBXProject "GoldfishBrain" */;
			compatibilityVersion = "Xcode 3.2";
			developmentRegion = English;
			hasScannedForEncodings = 0;
			knownRegions = (
				en,
				Base,
			);
			mainGroup = 6E28470E1F27343F002269EC;
			productRefGroup = 6E2847181F27343F002269EC /* Products */;
			projectDirPath = "";
			projectRoot = "";
			targets = (
				6E2847161F27343F002269EC /* GoldfishBrain */,
			);
		};
/* End PBXProject section */

/* Begin PBXResourcesBuildPhase section */
		6E2847151F27343F002269EC /* Resources */ = {
			isa = PBXResourcesBuildPhase;
			buildActionMask = 2147483647;
			files = (
				6EF577C11F3C604900D1068A /* Comix Loud.ttf in Resources */,
				6E2847281F27343F002269EC /* LaunchScreen.storyboard in Resources */,
				6E2847301F2738A7002269EC /* GoogleService-Info.plist in Resources */,
				6E2847251F27343F002269EC /* Assets.xcassets in Resources */,
				6EC0AB731F3ED16E005FA1F6 /* Location.gpx in Resources */,
				6E2847201F27343F002269EC /* Main.storyboard in Resources */,
			);
			runOnlyForDeploymentPostprocessing = 0;
		};
/* End PBXResourcesBuildPhase section */

/* Begin PBXShellScriptBuildPhase section */
		1F969C915BDAF4D0B789D4F2 /* [CP] Copy Pods Resources */ = {
			isa = PBXShellScriptBuildPhase;
			buildActionMask = 2147483647;
			files = (
			);
			inputPaths = (
			);
			name = "[CP] Copy Pods Resources";
			outputPaths = (
			);
			runOnlyForDeploymentPostprocessing = 0;
			shellPath = /bin/sh;
			shellScript = "\"${SRCROOT}/Pods/Target Support Files/Pods-GoldfishBrain/Pods-GoldfishBrain-resources.sh\"\n";
			showEnvVarsInLog = 0;
		};
		6E2847331F274F0D002269EC /* Swiftlint */ = {
			isa = PBXShellScriptBuildPhase;
			buildActionMask = 2147483647;
			files = (
			);
			inputPaths = (
			);
			name = Swiftlint;
			outputPaths = (
			);
			runOnlyForDeploymentPostprocessing = 0;
			shellPath = /bin/sh;
			shellScript = "if which swiftlint >/dev/null; then\nswiftlint\nelse\necho \"warning: SwiftLint not installed, download from https://github.com/realm/SwiftLint\"\nfi";
		};
		EF190401969F2298F7E99053 /* [CP] Embed Pods Frameworks */ = {
			isa = PBXShellScriptBuildPhase;
			buildActionMask = 2147483647;
			files = (
			);
			inputPaths = (
			);
			name = "[CP] Embed Pods Frameworks";
			outputPaths = (
			);
			runOnlyForDeploymentPostprocessing = 0;
			shellPath = /bin/sh;
			shellScript = "\"${SRCROOT}/Pods/Target Support Files/Pods-GoldfishBrain/Pods-GoldfishBrain-frameworks.sh\"\n";
			showEnvVarsInLog = 0;
		};
		F4E7A8B655C4BFF5CDEB2639 /* [CP] Check Pods Manifest.lock */ = {
			isa = PBXShellScriptBuildPhase;
			buildActionMask = 2147483647;
			files = (
			);
			inputPaths = (
			);
			name = "[CP] Check Pods Manifest.lock";
			outputPaths = (
			);
			runOnlyForDeploymentPostprocessing = 0;
			shellPath = /bin/sh;
			shellScript = "diff \"${PODS_PODFILE_DIR_PATH}/Podfile.lock\" \"${PODS_ROOT}/Manifest.lock\" > /dev/null\nif [ $? != 0 ] ; then\n    # print error to STDERR\n    echo \"error: The sandbox is not in sync with the Podfile.lock. Run 'pod install' or update your CocoaPods installation.\" >&2\n    exit 1\nfi\n";
			showEnvVarsInLog = 0;
		};
/* End PBXShellScriptBuildPhase section */

/* Begin PBXSourcesBuildPhase section */
		6E2847131F27343F002269EC /* Sources */ = {
			isa = PBXSourcesBuildPhase;
			buildActionMask = 2147483647;
			files = (
				6E2847541F2A5040002269EC /* ChatLogViewController.swift in Sources */,
				6E996A721F33027F0097BA4C /* RightChatLogTableViewCell.swift in Sources */,
				6E28477F1F2C81C4002269EC /* FriendTableViewController.swift in Sources */,
				6E2847231F27343F002269EC /* GoldfishBrain.xcdatamodeld in Sources */,
				6E2847391F28722A002269EC /* ProfileManager.swift in Sources */,
				6E2847791F2B3D67002269EC /* Message.swift in Sources */,
				6E2847401F28881C002269EC /* PeopleTableViewCell.swift in Sources */,
				6E2847351F278128002269EC /* ChatRoomTableViewController.swift in Sources */,
				6E2847771F2B1616002269EC /* StyleGuide.swift in Sources */,
				6E2847461F28A6FB002269EC /* Person.swift in Sources */,
				6E9861C81F31D78200EFEFCB /* DoTableViewController.swift in Sources */,
				6EB1D25A1F38961000377FDE /* PopFriendCollectionViewCell.swift in Sources */,
				6E2847481F29C254002269EC /* ProfileTableViewController+extension.swift in Sources */,
				6EB1D2581F38941300377FDE /* PopFriendViewController.swift in Sources */,
				6E28477B1F2B3E77002269EC /* MessageManager.swift in Sources */,
				6E996A741F3348A00097BA4C /* CreateDoViewController.swift in Sources */,
				6EB1D2551F383C4F00377FDE /* TravelDetail.swift in Sources */,
				6E9861CC1F31F3DF00EFEFCB /* AddDoPopViewController.swift in Sources */,
				6EC0AB751F3EE1B5005FA1F6 /* ProfileTableViewController+locationManager.swift in Sources */,
				6E28473B1F287358002269EC /* Profile.swift in Sources */,
				6E9861CE1F31FEEA00EFEFCB /* DoTableViewCell.swift in Sources */,
				6E28471D1F27343F002269EC /* LoginViewController.swift in Sources */,
				6EC0AB6D1F3CAD55005FA1F6 /* TraceTableViewCell.swift in Sources */,
				6EB1D20A1F359B1B00377FDE /* AddDoPopViewController+GMSAutocompleteResults.swift in Sources */,
				6EB1D27D1F3B03B400377FDE /* NoneDoTableViewCell.swift in Sources */,
				6E28474C1F2A2B86002269EC /* LeftChatLogTableViewCell.swift in Sources */,
				6E28474A1F29E6AE002269EC /* extension.swift in Sources */,
				6E996A6C1F32E3570097BA4C /* AddDoPopViewController+extension.swift in Sources */,
				6E2847421F288E7B002269EC /* ChatRoomManager.swift in Sources */,
				6E28471B1F27343F002269EC /* AppDelegate.swift in Sources */,
				6E5ECFD91F41746200AFDB97 /* TraceManager.swift in Sources */,
				6E28473D1F287645002269EC /* ProfileTableViewController.swift in Sources */,
				6E28477D1F2C81B3002269EC /* FriendTableViewCell.swift in Sources */,
				6EC0AB6F1F3CAD69005FA1F6 /* TraceTableViewController.swift in Sources */,
				6EF577BA1F3B210100D1068A /* AllMyDosTableViewCell.swift in Sources */,
				6EC0AB711F3DDB10005FA1F6 /* CoreDataManager.swift in Sources */,
				6E2847321F273BB3002269EC /* RegisterViewController.swift in Sources */,
			);
			runOnlyForDeploymentPostprocessing = 0;
		};
/* End PBXSourcesBuildPhase section */

/* Begin PBXVariantGroup section */
		6E28471E1F27343F002269EC /* Main.storyboard */ = {
			isa = PBXVariantGroup;
			children = (
				6E28471F1F27343F002269EC /* Base */,
			);
			name = Main.storyboard;
			sourceTree = "<group>";
		};
		6E2847261F27343F002269EC /* LaunchScreen.storyboard */ = {
			isa = PBXVariantGroup;
			children = (
				6E2847271F27343F002269EC /* Base */,
			);
			name = LaunchScreen.storyboard;
			sourceTree = "<group>";
		};
/* End PBXVariantGroup section */

/* Begin XCBuildConfiguration section */
		6E28472A1F27343F002269EC /* Debug */ = {
			isa = XCBuildConfiguration;
			buildSettings = {
				ALWAYS_SEARCH_USER_PATHS = NO;
				CLANG_ANALYZER_NONNULL = YES;
				CLANG_ANALYZER_NUMBER_OBJECT_CONVERSION = YES_AGGRESSIVE;
				CLANG_CXX_LANGUAGE_STANDARD = "gnu++0x";
				CLANG_CXX_LIBRARY = "libc++";
				CLANG_ENABLE_MODULES = YES;
				CLANG_ENABLE_OBJC_ARC = YES;
				CLANG_WARN_BOOL_CONVERSION = YES;
				CLANG_WARN_CONSTANT_CONVERSION = YES;
				CLANG_WARN_DIRECT_OBJC_ISA_USAGE = YES_ERROR;
				CLANG_WARN_DOCUMENTATION_COMMENTS = YES;
				CLANG_WARN_EMPTY_BODY = YES;
				CLANG_WARN_ENUM_CONVERSION = YES;
				CLANG_WARN_INFINITE_RECURSION = YES;
				CLANG_WARN_INT_CONVERSION = YES;
				CLANG_WARN_OBJC_ROOT_CLASS = YES_ERROR;
				CLANG_WARN_SUSPICIOUS_MOVE = YES;
				CLANG_WARN_UNREACHABLE_CODE = YES;
				CLANG_WARN__DUPLICATE_METHOD_MATCH = YES;
				"CODE_SIGN_IDENTITY[sdk=iphoneos*]" = "iPhone Developer";
				COPY_PHASE_STRIP = NO;
				DEBUG_INFORMATION_FORMAT = dwarf;
				ENABLE_STRICT_OBJC_MSGSEND = YES;
				ENABLE_TESTABILITY = YES;
				GCC_C_LANGUAGE_STANDARD = gnu99;
				GCC_DYNAMIC_NO_PIC = NO;
				GCC_NO_COMMON_BLOCKS = YES;
				GCC_OPTIMIZATION_LEVEL = 0;
				GCC_PREPROCESSOR_DEFINITIONS = (
					"DEBUG=1",
					"$(inherited)",
				);
				GCC_WARN_64_TO_32_BIT_CONVERSION = YES;
				GCC_WARN_ABOUT_RETURN_TYPE = YES_ERROR;
				GCC_WARN_UNDECLARED_SELECTOR = YES;
				GCC_WARN_UNINITIALIZED_AUTOS = YES_AGGRESSIVE;
				GCC_WARN_UNUSED_FUNCTION = YES;
				GCC_WARN_UNUSED_VARIABLE = YES;
				IPHONEOS_DEPLOYMENT_TARGET = 10.0;
				MTL_ENABLE_DEBUG_INFO = YES;
				ONLY_ACTIVE_ARCH = YES;
				SDKROOT = iphoneos;
				SWIFT_ACTIVE_COMPILATION_CONDITIONS = DEBUG;
				SWIFT_OPTIMIZATION_LEVEL = "-Onone";
				TARGETED_DEVICE_FAMILY = "1,2";
			};
			name = Debug;
		};
		6E28472B1F27343F002269EC /* Release */ = {
			isa = XCBuildConfiguration;
			buildSettings = {
				ALWAYS_SEARCH_USER_PATHS = NO;
				CLANG_ANALYZER_NONNULL = YES;
				CLANG_ANALYZER_NUMBER_OBJECT_CONVERSION = YES_AGGRESSIVE;
				CLANG_CXX_LANGUAGE_STANDARD = "gnu++0x";
				CLANG_CXX_LIBRARY = "libc++";
				CLANG_ENABLE_MODULES = YES;
				CLANG_ENABLE_OBJC_ARC = YES;
				CLANG_WARN_BOOL_CONVERSION = YES;
				CLANG_WARN_CONSTANT_CONVERSION = YES;
				CLANG_WARN_DIRECT_OBJC_ISA_USAGE = YES_ERROR;
				CLANG_WARN_DOCUMENTATION_COMMENTS = YES;
				CLANG_WARN_EMPTY_BODY = YES;
				CLANG_WARN_ENUM_CONVERSION = YES;
				CLANG_WARN_INFINITE_RECURSION = YES;
				CLANG_WARN_INT_CONVERSION = YES;
				CLANG_WARN_OBJC_ROOT_CLASS = YES_ERROR;
				CLANG_WARN_SUSPICIOUS_MOVE = YES;
				CLANG_WARN_UNREACHABLE_CODE = YES;
				CLANG_WARN__DUPLICATE_METHOD_MATCH = YES;
				"CODE_SIGN_IDENTITY[sdk=iphoneos*]" = "iPhone Developer";
				COPY_PHASE_STRIP = NO;
				DEBUG_INFORMATION_FORMAT = "dwarf-with-dsym";
				ENABLE_NS_ASSERTIONS = NO;
				ENABLE_STRICT_OBJC_MSGSEND = YES;
				GCC_C_LANGUAGE_STANDARD = gnu99;
				GCC_NO_COMMON_BLOCKS = YES;
				GCC_WARN_64_TO_32_BIT_CONVERSION = YES;
				GCC_WARN_ABOUT_RETURN_TYPE = YES_ERROR;
				GCC_WARN_UNDECLARED_SELECTOR = YES;
				GCC_WARN_UNINITIALIZED_AUTOS = YES_AGGRESSIVE;
				GCC_WARN_UNUSED_FUNCTION = YES;
				GCC_WARN_UNUSED_VARIABLE = YES;
				IPHONEOS_DEPLOYMENT_TARGET = 10.0;
				MTL_ENABLE_DEBUG_INFO = NO;
				SDKROOT = iphoneos;
				SWIFT_OPTIMIZATION_LEVEL = "-Owholemodule";
				TARGETED_DEVICE_FAMILY = "1,2";
				VALIDATE_PRODUCT = YES;
			};
			name = Release;
		};
		6E28472D1F27343F002269EC /* Debug */ = {
			isa = XCBuildConfiguration;
			baseConfigurationReference = C575D91E4BBDC71746F58638 /* Pods-GoldfishBrain.debug.xcconfig */;
			buildSettings = {
				ASSETCATALOG_COMPILER_APPICON_NAME = AppIcon;
				DEVELOPMENT_TEAM = 2QFPTG9564;
				INFOPLIST_FILE = GoldfishBrain/Info.plist;
				LD_RUNPATH_SEARCH_PATHS = "$(inherited) @executable_path/Frameworks";
				PRODUCT_BUNDLE_IDENTIFIER = swift.GoldfishBrain;
				PRODUCT_NAME = "$(TARGET_NAME)";
				SWIFT_VERSION = 3.0;
			};
			name = Debug;
		};
		6E28472E1F27343F002269EC /* Release */ = {
			isa = XCBuildConfiguration;
			baseConfigurationReference = 06E4DE41735E1EF4B5078D95 /* Pods-GoldfishBrain.release.xcconfig */;
			buildSettings = {
				ASSETCATALOG_COMPILER_APPICON_NAME = AppIcon;
				DEVELOPMENT_TEAM = 2QFPTG9564;
				INFOPLIST_FILE = GoldfishBrain/Info.plist;
				LD_RUNPATH_SEARCH_PATHS = "$(inherited) @executable_path/Frameworks";
				PRODUCT_BUNDLE_IDENTIFIER = swift.GoldfishBrain;
				PRODUCT_NAME = "$(TARGET_NAME)";
				SWIFT_VERSION = 3.0;
			};
			name = Release;
		};
/* End XCBuildConfiguration section */

/* Begin XCConfigurationList section */
		6E2847121F27343F002269EC /* Build configuration list for PBXProject "GoldfishBrain" */ = {
			isa = XCConfigurationList;
			buildConfigurations = (
				6E28472A1F27343F002269EC /* Debug */,
				6E28472B1F27343F002269EC /* Release */,
			);
			defaultConfigurationIsVisible = 0;
			defaultConfigurationName = Release;
		};
		6E28472C1F27343F002269EC /* Build configuration list for PBXNativeTarget "GoldfishBrain" */ = {
			isa = XCConfigurationList;
			buildConfigurations = (
				6E28472D1F27343F002269EC /* Debug */,
				6E28472E1F27343F002269EC /* Release */,
			);
			defaultConfigurationIsVisible = 0;
			defaultConfigurationName = Release;
		};
/* End XCConfigurationList section */

/* Begin XCVersionGroup section */
		6E2847211F27343F002269EC /* GoldfishBrain.xcdatamodeld */ = {
			isa = XCVersionGroup;
			children = (
				6E2847221F27343F002269EC /* GoldfishBrain.xcdatamodel */,
			);
			currentVersion = 6E2847221F27343F002269EC /* GoldfishBrain.xcdatamodel */;
			path = GoldfishBrain.xcdatamodeld;
			sourceTree = "<group>";
			versionGroupType = wrapper.xcdatamodel;
		};
/* End XCVersionGroup section */
	};
	rootObject = 6E28470F1F27343F002269EC /* Project object */;
}
